PODS:
  - AFNetworking (3.2.1):
    - AFNetworking/NSURLSession (= 3.2.1)
    - AFNetworking/Reachability (= 3.2.1)
    - AFNetworking/Security (= 3.2.1)
    - AFNetworking/Serialization (= 3.2.1)
    - AFNetworking/UIKit (= 3.2.1)
  - AFNetworking/NSURLSession (3.2.1):
    - AFNetworking/Reachability
    - AFNetworking/Security
    - AFNetworking/Serialization
  - AFNetworking/Reachability (3.2.1)
  - AFNetworking/Security (3.2.1)
  - AFNetworking/Serialization (3.2.1)
  - AFNetworking/UIKit (3.2.1):
    - AFNetworking/NSURLSession
  - GPUImage (0.1.7)
  - MBProgressHUD (1.1.0)
  - SwiftLint (0.35.0)
  - VideoCast (0.1.2)
  - ZipArchive (1.4.0)

DEPENDENCIES:
  - AFNetworking (~> 3.0)
  - GPUImage (from `https://github.com/BradLarson/GPUImage.git`)
  - MBProgressHUD (~> 1.1.0)
  - SwiftLint
  - VideoCast (from `https://github.com/cats-oss/VideoCast-Swift.git`)
  - ZipArchive

SPEC REPOS:
  https://github.com/cocoapods/specs.git:
    - AFNetworking
    - MBProgressHUD
    - SwiftLint
    - ZipArchive

EXTERNAL SOURCES:
  GPUImage:
    :git: https://github.com/BradLarson/GPUImage.git
  VideoCast:
    :git: https://github.com/cats-oss/VideoCast-Swift.git

CHECKOUT OPTIONS:
  GPUImage:
    :commit: 167b0389bc6e9dc4bb0121550f91d8d5d6412c53
    :git: https://github.com/BradLarson/GPUImage.git
  VideoCast:
    :commit: c364e064c01015fbc5e5ba4cfb02741796aa8dc4
    :git: https://github.com/cats-oss/VideoCast-Swift.git

SPEC CHECKSUMS:
  AFNetworking: b6f891fdfaed196b46c7a83cf209e09697b94057
  GPUImage: bd7e201b9aa91e85f401ed7a6d9867a07a404693
  MBProgressHUD: e7baa36a220447d8aeb12769bf0585582f3866d9
  SwiftLint: 5553187048b900c91aa03552807681bb6b027846
  VideoCast: d02eedea17092bae3cd7384b4078274010ceb3bd
  ZipArchive: e25a4373192673e3229ac8d6e9f64a3e5713c966

PODFILE CHECKSUM: 5dac132c24365d53bfcaa2142add5eeae15e23b8

COCOAPODS: 1.7.5
